
Microsoft Visual Studio Solution File, Format Version 12.00
# Visual Studio 15
VisualStudioVersion = 15.0.28307.902
MinimumVisualStudioVersion = 10.0.40219.1
Project("{FAE04EC0-301F-11D3-BF4B-00C04F79EFBC}") = "BeatDealer21.Game", "BeatDealer21.Game\BeatDealer21.Game.csproj", "{34115144-4E6B-44EF-9FA5-9AC8F1793262}"
EndProject
Project("{FAE04EC0-301F-11D3-BF4B-00C04F79EFBC}") = "BeatDealer21.Test", "BeatDealer21.Test\BeatDealer21.Test.csproj", "{82ACA355-3FFD-40B9-B88C-883D00C5751F}"
EndProject
Global
	GlobalSection(SolutionConfigurationPlatforms) = preSolution
		Debug|Any CPU = Debug|Any CPU
		Release|Any CPU = Release|Any CPU
	EndGlobalSection
	GlobalSection(ProjectConfigurationPlatforms) = postSolution
		{34115144-4E6B-44EF-9FA5-9AC8F1793262}.Debug|Any CPU.ActiveCfg = Debug|Any CPU
		{34115144-4E6B-44EF-9FA5-9AC8F1793262}.Debug|Any CPU.Build.0 = Debug|Any CPU
		{34115144-4E6B-44EF-9FA5-9AC8F1793262}.Release|Any CPU.ActiveCfg = Release|Any CPU
		{34115144-4E6B-44EF-9FA5-9AC8F1793262}.Release|Any CPU.Build.0 = Release|Any CPU
		{82ACA355-3FFD-40B9-B88C-883D00C5751F}.Debug|Any CPU.ActiveCfg = Debug|Any CPU
		{82ACA355-3FFD-40B9-B88C-883D00C5751F}.Debug|Any CPU.Build.0 = Debug|Any CPU
		{82ACA355-3FFD-40B9-B88C-883D00C5751F}.Release|Any CPU.ActiveCfg = Release|Any CPU
		{82ACA355-3FFD-40B9-B88C-883D00C5751F}.Release|Any CPU.Build.0 = Release|Any CPU
	EndGlobalSection
	GlobalSection(SolutionProperties) = preSolution
		HideSolutionNode = FALSE
	EndGlobalSection
	GlobalSection(ExtensibilityGlobals) = postSolution
		SolutionGuid = {3DD2C920-3752-4FAA-8C86-558E517B03A0}
	EndGlobalSection
EndGlobal
